
Microsoft Visual Studio Solution File, Format Version 12.00
Project("{FAE04EC0-301F-11D3-BF4B-00C04F79EFBC}") = "Tutorial_6", "Tutorial_6\Tutorial_6.csproj", "{712C77DE-47EA-48EC-8F82-1A23DE3DABFE}"
EndProject
Global
	GlobalSection(SolutionConfigurationPlatforms) = preSolution
		Debug|Any CPU = Debug|Any CPU
		Release|Any CPU = Release|Any CPU
	EndGlobalSection
	GlobalSection(ProjectConfigurationPlatforms) = postSolution
		{712C77DE-47EA-48EC-8F82-1A23DE3DABFE}.Debug|Any CPU.ActiveCfg = Debug|Any CPU
		{712C77DE-47EA-48EC-8F82-1A23DE3DABFE}.Debug|Any CPU.Build.0 = Debug|Any CPU
		{712C77DE-47EA-48EC-8F82-1A23DE3DABFE}.Release|Any CPU.ActiveCfg = Release|Any CPU
		{712C77DE-47EA-48EC-8F82-1A23DE3DABFE}.Release|Any CPU.Build.0 = Release|Any CPU
	EndGlobalSection
EndGlobal
